{
  "name": "skrillex",
  "lockfileVersion": 3,
  "requires": true,
  "packages": {
    "": {
      "dependencies": {
        "simplex-noise": "^4.0.1",
        "three": "^0.157.0",
        "three.meshline": "^1.4.0"
      }
    },
    "node_modules/simplex-noise": {
      "version": "4.0.1",
      "resolved": "https://registry.npmjs.org/simplex-noise/-/simplex-noise-4.0.1.tgz",
      "integrity": "sha512-zl/+bdSqW7HJOQ0oDbxrNYaF4F5ik0i7M6YOYmEoIJNtg16NpvWaTTM1Y7oV/7T0jFljawLgYPS81Uu2rsfo1A=="
    },
    "node_modules/three": {
      "version": "0.157.0",
      "resolved": "https://registry.npmjs.org/three/-/three-0.157.0.tgz",
      "integrity": "sha512-CeAwQrf4x3z0/e+MC4F+nXLW5t0gh3pw+L6CCBqpHvOq3bGYIgRYub7Pv0j/9wR+d++OiEglyZzWyuSYbwWGOA=="
    },
    "node_modules/three.meshline": {
      "version": "1.4.0",
      "resolved": "https://registry.npmjs.org/three.meshline/-/three.meshline-1.4.0.tgz",
      "integrity": "sha512-A8IsiMrWP8zmHisGDAJ76ZD7t/dOF/oCe/FUKNE6Bu01ZYEx8N6IlU/1Plb2aOZtAuWM2A8s8qS3hvY0OFuvOw=="
    }
  }
}
